{
  "version": 4,
  "terraform_version": "1.5.1",
  "serial": 409,
  "lineage": "72cdfd34-3856-4315-efe2-028b586137f0",
  "outputs": {},
  "resources": [
    {
      "mode": "managed",
      "type": "google_bigquery_dataset",
      "name": "default",
      "provider": "provider[\"registry.terraform.io/hashicorp/google\"]",
      "instances": [
        {
          "schema_version": 0,
          "attributes": {
            "access": [
              {
                "dataset": [],
                "domain": "",
                "group_by_email": "",
                "role": "OWNER",
                "routine": [],
                "special_group": "",
                "user_by_email": "terraformkey@rare-chiller-391817.iam.gserviceaccount.com",
                "view": []
              },
              {
                "dataset": [],
                "domain": "",
                "group_by_email": "",
                "role": "OWNER",
                "routine": [],
                "special_group": "projectOwners",
                "user_by_email": "",
                "view": []
              },
              {
                "dataset": [],
                "domain": "",
                "group_by_email": "",
                "role": "READER",
                "routine": [],
                "special_group": "projectReaders",
                "user_by_email": "",
                "view": []
              },
              {
                "dataset": [],
                "domain": "",
                "group_by_email": "",
                "role": "WRITER",
                "routine": [],
                "special_group": "projectWriters",
                "user_by_email": "",
                "view": []
              }
            ],
            "creation_time": 1689293178091,
            "dataset_id": "my_dataset",
            "default_encryption_configuration": [],
            "default_partition_expiration_ms": 0,
            "default_table_expiration_ms": 0,
            "delete_contents_on_destroy": true,
            "description": "",
            "etag": "Gg3H42sTnT1gaoTej6Krgw==",
            "friendly_name": "",
            "id": "projects/rare-chiller-391817/datasets/my_dataset",
            "labels": {},
            "last_modified_time": 1689293178091,
            "location": "europe-west2",
            "max_time_travel_hours": "",
            "project": "rare-chiller-391817",
            "self_link": "https://bigquery.googleapis.com/bigquery/v2/projects/rare-chiller-391817/datasets/my_dataset",
            "timeouts": null
          },
          "sensitive_attributes": [],
          "private": "eyJlMmJmYjczMC1lY2FhLTExZTYtOGY4OC0zNDM2M2JjN2M0YzAiOnsiY3JlYXRlIjoxMjAwMDAwMDAwMDAwLCJkZWxldGUiOjEyMDAwMDAwMDAwMDAsInVwZGF0ZSI6MTIwMDAwMDAwMDAwMH19",
          "dependencies": [
            "google_storage_bucket.my-sto-bucket",
            "google_storage_bucket_object.sample_data"
          ]
        }
      ]
    },
    {
      "mode": "managed",
      "type": "google_bigquery_table",
      "name": "partitioned_table_tf",
      "provider": "provider[\"registry.terraform.io/hashicorp/google\"]",
      "instances": [
        {
          "schema_version": 0,
          "attributes": {
            "clustering": null,
            "creation_time": 1689293179344,
            "dataset_id": "my_dataset",
            "deletion_protection": false,
            "description": "",
            "encryption_configuration": [],
            "etag": "TVPj3SM/T9YyTlAN00t/Xg==",
            "expiration_time": 0,
            "external_data_configuration": [],
            "friendly_name": "",
            "id": "projects/rare-chiller-391817/datasets/my_dataset/tables/partitionedtabletf",
            "labels": {
              "env": "default"
            },
            "last_modified_time": 1689293179433,
            "location": "europe-west2",
            "materialized_view": [],
            "num_bytes": 0,
            "num_long_term_bytes": 0,
            "num_rows": 0,
            "project": "rare-chiller-391817",
            "range_partitioning": [
              {
                "field": "Quantity Sold",
                "range": [
                  {
                    "end": 250,
                    "interval": 50,
                    "start": 0
                  }
                ]
              }
            ],
            "schema": "[{\"mode\":\"NULLABLE\",\"name\":\"Item Name\",\"type\":\"STRING\"},{\"mode\":\"NULLABLE\",\"name\":\"Quantity Sold\",\"type\":\"INTEGER\"},{\"mode\":\"NULLABLE\",\"name\":\"Price per Unit\",\"type\":\"FLOAT\"},{\"mode\":\"NULLABLE\",\"name\":\"Fun Level\",\"type\":\"FLOAT\"},{\"mode\":\"NULLABLE\",\"name\":\"Date Manufactured\",\"type\":\"DATE\"}]",
            "self_link": "https://bigquery.googleapis.com/bigquery/v2/projects/rare-chiller-391817/datasets/my_dataset/tables/partitionedtabletf",
            "table_id": "partitionedtabletf",
            "time_partitioning": [
              {
                "expiration_ms": 0,
                "field": "Date Manufactured",
                "require_partition_filter": false,
                "type": "YEAR"
              }
            ],
            "type": "TABLE",
            "view": []
          },
          "sensitive_attributes": [],
          "private": "bnVsbA==",
          "dependencies": [
            "google_bigquery_dataset.default",
            "google_storage_bucket.my-sto-bucket",
            "google_storage_bucket_object.sample_data"
          ]
        }
      ]
    },
    {
      "mode": "managed",
      "type": "google_bigquery_table",
      "name": "table_tf",
      "provider": "provider[\"registry.terraform.io/hashicorp/google\"]",
      "instances": [
        {
          "schema_version": 0,
          "attributes": {
            "clustering": null,
            "creation_time": 1689293179371,
            "dataset_id": "my_dataset",
            "deletion_protection": false,
            "description": "",
            "encryption_configuration": [],
            "etag": "wRhx6RcLulYvQASyOJR6Rg==",
            "expiration_time": 0,
            "external_data_configuration": [
              {
                "autodetect": true,
                "avro_options": [],
                "compression": "NONE",
                "connection_id": "",
                "csv_options": [
                  {
                    "allow_jagged_rows": false,
                    "allow_quoted_newlines": false,
                    "encoding": "UTF-8",
                    "field_delimiter": ",",
                    "quote": "\"",
                    "skip_leading_rows": 1
                  }
                ],
                "google_sheets_options": [],
                "hive_partitioning_options": [],
                "ignore_unknown_values": false,
                "max_bad_records": 0,
                "reference_file_schema_uri": "",
                "schema": "",
                "source_format": "CSV",
                "source_uris": [
                  "gs://my-sto-bucket/sample-data"
                ]
              }
            ],
            "friendly_name": "",
            "id": "projects/rare-chiller-391817/datasets/my_dataset/tables/tabletf",
            "labels": {
              "env": "default"
            },
            "last_modified_time": 1689293179429,
            "location": "europe-west2",
            "materialized_view": [],
            "num_bytes": 0,
            "num_long_term_bytes": 0,
            "num_rows": 0,
            "project": "rare-chiller-391817",
            "range_partitioning": [],
            "schema": "[{\"mode\":\"NULLABLE\",\"name\":\"Item Name\",\"type\":\"STRING\"},{\"mode\":\"NULLABLE\",\"name\":\"Quantity Sold\",\"type\":\"INTEGER\"},{\"mode\":\"NULLABLE\",\"name\":\"Price per Unit\",\"type\":\"FLOAT\"},{\"mode\":\"NULLABLE\",\"name\":\"Fun Level\",\"type\":\"FLOAT\"},{\"mode\":\"NULLABLE\",\"name\":\"Date Manufactured\",\"type\":\"DATE\"}]",
            "self_link": "https://bigquery.googleapis.com/bigquery/v2/projects/rare-chiller-391817/datasets/my_dataset/tables/tabletf",
            "table_id": "tabletf",
            "time_partitioning": [],
            "type": "EXTERNAL",
            "view": []
          },
          "sensitive_attributes": [],
          "private": "bnVsbA==",
          "dependencies": [
            "google_bigquery_dataset.default",
            "google_storage_bucket.my-sto-bucket",
            "google_storage_bucket_object.sample_data"
          ]
        }
      ]
    },
    {
      "mode": "managed",
      "type": "google_notebooks_instance",
      "name": "my_notebook_instance",
      "provider": "provider[\"registry.terraform.io/hashicorp/google\"]",
      "instances": [
        {
          "schema_version": 0,
          "attributes": {
            "accelerator_config": [],
            "boot_disk_size_gb": null,
            "boot_disk_type": null,
            "container_image": [],
            "create_time": "2023-07-14T00:06:20.038114614Z",
            "custom_gpu_driver_path": "",
            "data_disk_size_gb": null,
            "data_disk_type": null,
            "disk_encryption": "",
            "id": "projects/rare-chiller-391817/locations/europe-west2-a/instances/my-notebook-instance",
            "install_gpu_driver": false,
            "instance_owners": null,
            "kms_key": "",
            "labels": {
              "goog-caip-notebook": ""
            },
            "location": "europe-west2-a",
            "machine_type": "e2-small",
            "metadata": null,
            "name": "my-notebook-instance",
            "network": "https://www.googleapis.com/compute/v1/projects/rare-chiller-391817/global/networks/default",
            "nic_type": "",
            "no_proxy_access": false,
            "no_public_ip": false,
            "no_remove_data_disk": null,
            "post_startup_script": "",
            "project": "rare-chiller-391817",
            "proxy_uri": "15dd6cd93045b420-dot-europe-west2.notebooks.googleusercontent.com",
            "reservation_affinity": [],
            "service_account": "263899259975-compute@developer.gserviceaccount.com",
            "service_account_scopes": [],
            "shielded_instance_config": [
              {
                "enable_integrity_monitoring": true,
                "enable_secure_boot": false,
                "enable_vtpm": true
              }
            ],
            "state": "ACTIVE",
            "subnet": "https://www.googleapis.com/compute/v1/projects/rare-chiller-391817/regions/europe-west2/subnetworks/default",
            "tags": [],
            "timeouts": null,
            "update_time": "2023-07-14T00:07:40.431634387Z",
            "vm_image": [
              {
                "image_family": "tf-ent-2-9-cu113-notebooks",
                "image_name": "",
                "project": "deeplearning-platform-release"
              }
            ]
          },
          "sensitive_attributes": [],
          "private": "eyJlMmJmYjczMC1lY2FhLTExZTYtOGY4OC0zNDM2M2JjN2M0YzAiOnsiY3JlYXRlIjoxMjAwMDAwMDAwMDAwLCJkZWxldGUiOjEyMDAwMDAwMDAwMDAsInVwZGF0ZSI6MTIwMDAwMDAwMDAwMH19",
          "dependencies": [
            "google_project_service.notebooks"
          ]
        }
      ]
    },
    {
      "mode": "managed",
      "type": "google_project_service",
      "name": "notebooks",
      "provider": "provider[\"registry.terraform.io/hashicorp/google\"]",
      "instances": [
        {
          "schema_version": 0,
          "attributes": {
            "disable_dependent_services": null,
            "disable_on_destroy": false,
            "id": "rare-chiller-391817/notebooks.googleapis.com",
            "project": "rare-chiller-391817",
            "service": "notebooks.googleapis.com",
            "timeouts": null
          },
          "sensitive_attributes": [],
          "private": "eyJlMmJmYjczMC1lY2FhLTExZTYtOGY4OC0zNDM2M2JjN2M0YzAiOnsiY3JlYXRlIjoxMjAwMDAwMDAwMDAwLCJkZWxldGUiOjEyMDAwMDAwMDAwMDAsInJlYWQiOjYwMDAwMDAwMDAwMCwidXBkYXRlIjoxMjAwMDAwMDAwMDAwfX0="
        }
      ]
    },
    {
      "mode": "managed",
      "type": "google_storage_bucket",
      "name": "my-sto-bucket",
      "provider": "provider[\"registry.terraform.io/hashicorp/google\"]",
      "instances": [
        {
          "schema_version": 0,
          "attributes": {
            "autoclass": [],
            "cors": [],
            "custom_placement_config": [],
            "default_event_based_hold": false,
            "encryption": [],
            "force_destroy": false,
            "id": "my-sto-bucket",
            "labels": {},
            "lifecycle_rule": [],
            "location": "EUROPE-WEST2",
            "logging": [],
            "name": "my-sto-bucket",
            "project": "rare-chiller-391817",
            "public_access_prevention": "enforced",
            "requester_pays": false,
            "retention_policy": [
              {
                "is_locked": false,
                "retention_period": 5
              }
            ],
            "self_link": "https://www.googleapis.com/storage/v1/b/my-sto-bucket",
            "storage_class": "STANDARD",
            "timeouts": null,
            "uniform_bucket_level_access": true,
            "url": "gs://my-sto-bucket",
            "versioning": [],
            "website": []
          },
          "sensitive_attributes": [],
          "private": "eyJlMmJmYjczMC1lY2FhLTExZTYtOGY4OC0zNDM2M2JjN2M0YzAiOnsiY3JlYXRlIjoyNDAwMDAwMDAwMDAsInJlYWQiOjI0MDAwMDAwMDAwMCwidXBkYXRlIjoyNDAwMDAwMDAwMDB9fQ=="
        }
      ]
    },
    {
      "mode": "managed",
      "type": "google_storage_bucket_object",
      "name": "sample_data",
      "provider": "provider[\"registry.terraform.io/hashicorp/google\"]",
      "instances": [
        {
          "schema_version": 0,
          "attributes": {
            "bucket": "my-sto-bucket",
            "cache_control": "",
            "content": null,
            "content_disposition": "",
            "content_encoding": "",
            "content_language": "",
            "content_type": "CSV",
            "crc32c": "rj2ZEg==",
            "customer_encryption": [],
            "detect_md5hash": "yHMM9hAP/ByjeMkH3Nl5WA==",
            "event_based_hold": false,
            "id": "my-sto-bucket-sample-data",
            "kms_key_name": "",
            "md5hash": "yHMM9hAP/ByjeMkH3Nl5WA==",
            "media_link": "https://storage.googleapis.com/download/storage/v1/b/my-sto-bucket/o/sample-data?generation=1689293867957709\u0026alt=media",
            "metadata": null,
            "name": "sample-data",
            "output_name": "sample-data",
            "self_link": "https://www.googleapis.com/storage/v1/b/my-sto-bucket/o/sample-data",
            "source": "sampledata.csv",
            "storage_class": "STANDARD",
            "temporary_hold": false,
            "timeouts": null
          },
          "sensitive_attributes": [],
          "private": "eyJlMmJmYjczMC1lY2FhLTExZTYtOGY4OC0zNDM2M2JjN2M0YzAiOnsiY3JlYXRlIjoyNDAwMDAwMDAwMDAsImRlbGV0ZSI6MjQwMDAwMDAwMDAwLCJ1cGRhdGUiOjI0MDAwMDAwMDAwMH19",
          "dependencies": [
            "google_storage_bucket.my-sto-bucket"
          ]
        }
      ]
    }
  ],
  "check_results": null
}
